<Project ToolsVersion="4.0" xmlns="http://schemas.microsoft.com/developer/msbuild/2003">
  <ItemGroup>
    <Filter Include="Source Files">
      <UniqueIdentifier>{4FC737F1-C7A5-4376-A066-2A32D752A2FF}</UniqueIdentifier>
      <Extensions>cpp;c;cc;cxx;def;odl;idl;hpj;bat;asm;asmx</Extensions>
    </Filter>
    <Filter Include="Header Files">
      <UniqueIdentifier>{93995380-89BD-4b04-88EB-625FBE52EBFB}</UniqueIdentifier>
      <Extensions>h;hpp;hxx;hm;inl;inc;xsd</Extensions>
    </Filter>
    <Filter Include="Resource Files">
      <UniqueIdentifier>{67DA6AB6-F800-4c08-8B7A-83BB121AAD01}</UniqueIdentifier>
      <Extensions>rc;ico;cur;bmp;dlg;rc2;rct;bin;rgs;gif;jpg;jpeg;jpe;resx;tiff;tif;png;wav</Extensions>
    </Filter>
    <Filter Include="Blocks">
      <UniqueIdentifier>{7C9BB5F5-1D83-4324-94DD-01702EF60477}</UniqueIdentifier>
    </Filter>
    <Filter Include="Blocks\CoC-PahoMqtt">
      <UniqueIdentifier>{6A8FCA76-75F7-4357-B956-400DDADB14EE}</UniqueIdentifier>
    </Filter>
    <Filter Include="Blocks\CoC-PahoMqtt\src">
      <UniqueIdentifier>{C5B33638-EE76-40F2-A484-1C39B4F196DE}</UniqueIdentifier>
    </Filter>
    <Filter Include="Blocks\CoC-PahoMqtt\libs">
      <UniqueIdentifier>{87CC05E1-4948-4891-B7CA-E0CD870AED18}</UniqueIdentifier>
    </Filter>
    <Filter Include="Blocks\CoC-PahoMqtt\libs\PahoMqttC">
      <UniqueIdentifier>{95242CEE-C953-4805-84FC-7BC430649C8B}</UniqueIdentifier>
    </Filter>
    <Filter Include="Blocks\CoC-PahoMqtt\libs\PahoMqttC\src">
      <UniqueIdentifier>{165B6E31-A30A-471A-AAED-F1410EDBD570}</UniqueIdentifier>
    </Filter>
    <Filter Include="Blocks\CoC-PahoMqtt\libs\PahoMqttCpp">
      <UniqueIdentifier>{A7AC3BCB-6E6C-42CD-A606-317AD859FD7E}</UniqueIdentifier>
    </Filter>
    <Filter Include="Blocks\CoC-PahoMqtt\libs\PahoMqttCpp\src">
      <UniqueIdentifier>{80B9875D-7103-405A-B67D-C64B76E9EEB7}</UniqueIdentifier>
    </Filter>
    <Filter Include="Blocks\CoC-PahoMqtt\libs\PahoMqttCpp\src\mqtt">
      <UniqueIdentifier>{3AE8D389-08AA-4F14-8678-2A17661CE099}</UniqueIdentifier>
    </Filter>
  </ItemGroup>
  <ItemGroup>
    <ClCompile Include="..\src\MqttClientApp.cpp">
      <Filter>Source Files</Filter>
    </ClCompile>
    <ClCompile Include="..\src\MqttClientApp.cpp">
      <Filter>Source Files</Filter>
    </ClCompile>
    <ClInclude Include="..\include\Resources.h">
      <Filter>Header Files</Filter>
    </ClInclude>
    <ClInclude Include="..\..\..\src\ciPahoMqtt.h">
      <Filter>Blocks\CoC-PahoMqtt\src</Filter>
    </ClInclude>
    <ClInclude Include="..\..\..\src\cocPahoMqtt.h">
      <Filter>Blocks\CoC-PahoMqtt\src</Filter>
    </ClInclude>
    <ClCompile Include="..\..\..\src\ciPahoMqtt.cpp">
      <Filter>Blocks\CoC-PahoMqtt\src</Filter>
    </ClCompile>
    <ClCompile Include="..\..\..\src\cocPahoMqtt.cpp">
      <Filter>Blocks\CoC-PahoMqtt\src</Filter>
    </ClCompile>
    <ClInclude Include="..\..\..\libs\PahoMqttC\src\Clients.h">
      <Filter>Blocks\CoC-PahoMqtt\libs\PahoMqttC\src</Filter>
    </ClInclude>
    <ClInclude Include="..\..\..\libs\PahoMqttC\src\Heap.h">
      <Filter>Blocks\CoC-PahoMqtt\libs\PahoMqttC\src</Filter>
    </ClInclude>
    <ClInclude Include="..\..\..\libs\PahoMqttC\src\LinkedList.h">
      <Filter>Blocks\CoC-PahoMqtt\libs\PahoMqttC\src</Filter>
    </ClInclude>
    <ClInclude Include="..\..\..\libs\PahoMqttC\src\Log.h">
      <Filter>Blocks\CoC-PahoMqtt\libs\PahoMqttC\src</Filter>
    </ClInclude>
    <ClInclude Include="..\..\..\libs\PahoMqttC\src\Messages.h">
      <Filter>Blocks\CoC-PahoMqtt\libs\PahoMqttC\src</Filter>
    </ClInclude>
    <ClInclude Include="..\..\..\libs\PahoMqttC\src\MQTTAsync.h">
      <Filter>Blocks\CoC-PahoMqtt\libs\PahoMqttC\src</Filter>
    </ClInclude>
    <ClInclude Include="..\..\..\libs\PahoMqttC\src\MQTTClient.h">
      <Filter>Blocks\CoC-PahoMqtt\libs\PahoMqttC\src</Filter>
    </ClInclude>
    <ClInclude Include="..\..\..\libs\PahoMqttC\src\MQTTClientPersistence.h">
      <Filter>Blocks\CoC-PahoMqtt\libs\PahoMqttC\src</Filter>
    </ClInclude>
    <ClInclude Include="..\..\..\libs\PahoMqttC\src\MQTTPacket.h">
      <Filter>Blocks\CoC-PahoMqtt\libs\PahoMqttC\src</Filter>
    </ClInclude>
    <ClInclude Include="..\..\..\libs\PahoMqttC\src\MQTTPacketOut.h">
      <Filter>Blocks\CoC-PahoMqtt\libs\PahoMqttC\src</Filter>
    </ClInclude>
    <ClInclude Include="..\..\..\libs\PahoMqttC\src\MQTTPersistence.h">
      <Filter>Blocks\CoC-PahoMqtt\libs\PahoMqttC\src</Filter>
    </ClInclude>
    <ClInclude Include="..\..\..\libs\PahoMqttC\src\MQTTPersistenceDefault.h">
      <Filter>Blocks\CoC-PahoMqtt\libs\PahoMqttC\src</Filter>
    </ClInclude>
    <ClInclude Include="..\..\..\libs\PahoMqttC\src\MQTTProtocol.h">
      <Filter>Blocks\CoC-PahoMqtt\libs\PahoMqttC\src</Filter>
    </ClInclude>
    <ClInclude Include="..\..\..\libs\PahoMqttC\src\MQTTProtocolClient.h">
      <Filter>Blocks\CoC-PahoMqtt\libs\PahoMqttC\src</Filter>
    </ClInclude>
    <ClInclude Include="..\..\..\libs\PahoMqttC\src\MQTTProtocolOut.h">
      <Filter>Blocks\CoC-PahoMqtt\libs\PahoMqttC\src</Filter>
    </ClInclude>
    <ClInclude Include="..\..\..\libs\PahoMqttC\src\Socket.h">
      <Filter>Blocks\CoC-PahoMqtt\libs\PahoMqttC\src</Filter>
    </ClInclude>
    <ClInclude Include="..\..\..\libs\PahoMqttC\src\SocketBuffer.h">
      <Filter>Blocks\CoC-PahoMqtt\libs\PahoMqttC\src</Filter>
    </ClInclude>
    <ClInclude Include="..\..\..\libs\PahoMqttC\src\SSLSocket.h">
      <Filter>Blocks\CoC-PahoMqtt\libs\PahoMqttC\src</Filter>
    </ClInclude>
    <ClInclude Include="..\..\..\libs\PahoMqttC\src\StackTrace.h">
      <Filter>Blocks\CoC-PahoMqtt\libs\PahoMqttC\src</Filter>
    </ClInclude>
    <ClInclude Include="..\..\..\libs\PahoMqttC\src\Thread.h">
      <Filter>Blocks\CoC-PahoMqtt\libs\PahoMqttC\src</Filter>
    </ClInclude>
    <ClInclude Include="..\..\..\libs\PahoMqttC\src\Tree.h">
      <Filter>Blocks\CoC-PahoMqtt\libs\PahoMqttC\src</Filter>
    </ClInclude>
    <ClInclude Include="..\..\..\libs\PahoMqttC\src\utf-8.h">
      <Filter>Blocks\CoC-PahoMqtt\libs\PahoMqttC\src</Filter>
    </ClInclude>
    <ClCompile Include="..\..\..\libs\PahoMqttCpp\src\async_client.cpp">
      <Filter>Blocks\CoC-PahoMqtt\libs\PahoMqttCpp\src</Filter>
    </ClCompile>
    <ClCompile Include="..\..\..\libs\PahoMqttCpp\src\client.cpp">
      <Filter>Blocks\CoC-PahoMqtt\libs\PahoMqttCpp\src</Filter>
    </ClCompile>
    <ClCompile Include="..\..\..\libs\PahoMqttCpp\src\iclient_persistence.cpp">
      <Filter>Blocks\CoC-PahoMqtt\libs\PahoMqttCpp\src</Filter>
    </ClCompile>
    <ClCompile Include="..\..\..\libs\PahoMqttCpp\src\message.cpp">
      <Filter>Blocks\CoC-PahoMqtt\libs\PahoMqttCpp\src</Filter>
    </ClCompile>
    <ClCompile Include="..\..\..\libs\PahoMqttCpp\src\token.cpp">
      <Filter>Blocks\CoC-PahoMqtt\libs\PahoMqttCpp\src</Filter>
    </ClCompile>
    <ClCompile Include="..\..\..\libs\PahoMqttCpp\src\topic.cpp">
      <Filter>Blocks\CoC-PahoMqtt\libs\PahoMqttCpp\src</Filter>
    </ClCompile>
    <ClInclude Include="..\..\..\libs\PahoMqttCpp\src\mqtt\async_client.h">
      <Filter>Blocks\CoC-PahoMqtt\libs\PahoMqttCpp\src\mqtt</Filter>
    </ClInclude>
    <ClInclude Include="..\..\..\libs\PahoMqttCpp\src\mqtt\callback.h">
      <Filter>Blocks\CoC-PahoMqtt\libs\PahoMqttCpp\src\mqtt</Filter>
    </ClInclude>
    <ClInclude Include="..\..\..\libs\PahoMqttCpp\src\mqtt\client.h">
      <Filter>Blocks\CoC-PahoMqtt\libs\PahoMqttCpp\src\mqtt</Filter>
    </ClInclude>
    <ClInclude Include="..\..\..\libs\PahoMqttCpp\src\mqtt\connect_options.h">
      <Filter>Blocks\CoC-PahoMqtt\libs\PahoMqttCpp\src\mqtt</Filter>
    </ClInclude>
    <ClInclude Include="..\..\..\libs\PahoMqttCpp\src\mqtt\delivery_token.h">
      <Filter>Blocks\CoC-PahoMqtt\libs\PahoMqttCpp\src\mqtt</Filter>
    </ClInclude>
    <ClInclude Include="..\..\..\libs\PahoMqttCpp\src\mqtt\exception.h">
      <Filter>Blocks\CoC-PahoMqtt\libs\PahoMqttCpp\src\mqtt</Filter>
    </ClInclude>
    <ClInclude Include="..\..\..\libs\PahoMqttCpp\src\mqtt\iaction_listener.h">
      <Filter>Blocks\CoC-PahoMqtt\libs\PahoMqttCpp\src\mqtt</Filter>
    </ClInclude>
    <ClInclude Include="..\..\..\libs\PahoMqttCpp\src\mqtt\iclient_persistence.h">
      <Filter>Blocks\CoC-PahoMqtt\libs\PahoMqttCpp\src\mqtt</Filter>
    </ClInclude>
    <ClInclude Include="..\..\..\libs\PahoMqttCpp\src\mqtt\ipersistable.h">
      <Filter>Blocks\CoC-PahoMqtt\libs\PahoMqttCpp\src\mqtt</Filter>
    </ClInclude>
    <ClInclude Include="..\..\..\libs\PahoMqttCpp\src\mqtt\message.h">
      <Filter>Blocks\CoC-PahoMqtt\libs\PahoMqttCpp\src\mqtt</Filter>
    </ClInclude>
    <ClInclude Include="..\..\..\libs\PahoMqttCpp\src\mqtt\token.h">
      <Filter>Blocks\CoC-PahoMqtt\libs\PahoMqttCpp\src\mqtt</Filter>
    </ClInclude>
    <ClInclude Include="..\..\..\libs\PahoMqttCpp\src\mqtt\topic.h">
      <Filter>Blocks\CoC-PahoMqtt\libs\PahoMqttCpp\src\mqtt</Filter>
    </ClInclude>
  </ItemGroup>
  <ItemGroup>
    <ClInclude Include="..\include\Resources.h">
      <Filter>Header Files</Filter>
    </ClInclude>
  </ItemGroup>
  <ItemGroup>
    <ResourceCompile Include="Resources.rc">
      <Filter>Resource Files</Filter>
    </ResourceCompile>
  </ItemGroup>
</Project>
